# This file was autogenerated by uv via the following command:
#    uv pip compile pyproject.toml -o requirements.lock
accelerate==1.10.0
    # via gptqmodel
aiofiles==24.1.0
    # via gradio
aiohappyeyeballs==2.6.1
    # via aiohttp
aiohttp==3.12.15
    # via llama-index-core
aiosignal==1.4.0
    # via aiohttp
aiosqlite==0.21.0
    # via llama-index-core
annotated-types==0.7.0
    # via pydantic
anyio==4.10.0
    # via
    #   gradio
    #   httpx
    #   openai
    #   starlette
    #   watchfiles
attrs==25.3.0
    # via
    #   aiohttp
    #   jsonschema
    #   referencing
autopep8==2.3.2
    # via random-word
backoff==2.2.1
    # via posthog
banks==2.2.0
    # via llama-index-core
bcrypt==4.3.0
    # via chromadb
beautifulsoup4==4.13.4
    # via llama-index-readers-file
brotli==1.1.0
    # via gradio
build==1.3.0
    # via chromadb
cachetools==5.5.2
    # via google-auth
certifi==2025.8.3
    # via
    #   httpcore
    #   httpx
    #   kubernetes
    #   llama-cloud
    #   requests
cffi==1.17.1
    # via soundfile
charset-normalizer==3.4.3
    # via requests
chromadb==1.0.20
    # via
    #   gia (pyproject.toml)
    #   llama-index-vector-stores-chroma
click==8.2.1
    # via
    #   llama-cloud-services
    #   nltk
    #   typer
    #   uvicorn
colorama==0.4.6
    # via griffe
coloredlogs==15.0.1
    # via onnxruntime
dataclasses-json==0.6.7
    # via llama-index-core
defusedxml==0.7.1
    # via llama-index-readers-file
deprecated==1.2.18
    # via
    #   banks
    #   llama-index-core
    #   llama-index-indices-managed-llama-cloud
    #   llama-index-instrumentation
device-smi==0.4.1
    # via gptqmodel
dirtyjson==1.0.8
    # via llama-index-core
distro==1.9.0
    # via
    #   openai
    #   posthog
durationpy==0.10
    # via kubernetes
fastapi==0.116.1
    # via gradio
ffmpy==0.6.1
    # via gradio
filelock==3.19.1
    # via
    #   huggingface-hub
    #   torch
    #   transformers
filetype==1.2.0
    # via llama-index-core
flatbuffers==25.2.10
    # via onnxruntime
frozenlist==1.7.0
    # via
    #   aiohttp
    #   aiosignal
fsspec==2025.7.0
    # via
    #   gradio-client
    #   huggingface-hub
    #   llama-index-core
    #   torch
google-auth==2.40.3
    # via kubernetes
googleapis-common-protos==1.70.0
    # via opentelemetry-exporter-otlp-proto-grpc
gptqmodel @ git+https://github.com/ModelCloud/GPTQModel.git@037c5c0f6c9e33c500d975b038d02e7ca437546d
    # via gia (pyproject.toml)
gputil==1.4.0
    # via gia (pyproject.toml)
gradio==5.42.0
    # via gia (pyproject.toml)
gradio-client==1.11.1
    # via gradio
greenlet==3.2.4
    # via sqlalchemy
griffe==1.12.1
    # via banks
groovy==0.1.2
    # via gradio
grpcio==1.74.0
    # via
    #   chromadb
    #   opentelemetry-exporter-otlp-proto-grpc
h11==0.16.0
    # via
    #   httpcore
    #   uvicorn
hf-transfer==0.1.9
    # via gptqmodel
hf-xet==1.1.7
    # via huggingface-hub
httpcore==1.0.9
    # via httpx
httptools==0.6.4
    # via uvicorn
httpx==0.28.1
    # via
    #   chromadb
    #   gradio
    #   gradio-client
    #   llama-cloud
    #   llama-index-core
    #   openai
    #   safehttpx
huggingface-hub==0.34.4
    # via
    #   accelerate
    #   gptqmodel
    #   gradio
    #   gradio-client
    #   llama-index-llms-huggingface-api
    #   tokenizers
    #   transformers
humanfriendly==10.0
    # via coloredlogs
idna==3.10
    # via
    #   anyio
    #   httpx
    #   requests
    #   yarl
importlib-metadata==8.7.0
    # via opentelemetry-api
importlib-resources==6.5.2
    # via chromadb
iniconfig==2.1.0
    # via pytest
jinja2==3.1.6
    # via
    #   banks
    #   gradio
    #   torch
jiter==0.10.0
    # via openai
joblib==1.5.1
    # via nltk
jsonschema==4.25.1
    # via chromadb
jsonschema-specifications==2025.4.1
    # via jsonschema
kubernetes==33.1.0
    # via chromadb
llama-cloud==0.1.35
    # via
    #   llama-cloud-services
    #   llama-index-indices-managed-llama-cloud
llama-cloud-services==0.6.54
    # via llama-parse
llama-index @ git+https://github.com/run-llama/llama_index.git@957d5e10cf5291461e1e068fa36680a93864b41f
    # via gia (pyproject.toml)
llama-index-cli==0.5.0
    # via llama-index
llama-index-core==0.13.2
    # via
    #   llama-cloud-services
    #   llama-index
    #   llama-index-cli
    #   llama-index-embeddings-openai
    #   llama-index-indices-managed-llama-cloud
    #   llama-index-llms-huggingface-api
    #   llama-index-llms-openai
    #   llama-index-readers-file
    #   llama-index-readers-llama-parse
    #   llama-index-vector-stores-chroma
llama-index-embeddings-openai==0.5.0
    # via
    #   llama-index
    #   llama-index-cli
llama-index-indices-managed-llama-cloud==0.9.2
    # via llama-index
llama-index-instrumentation==0.4.0
    # via llama-index-workflows
llama-index-llms-huggingface-api @ git+https://github.com/run-llama/llama_index.git@957d5e10cf5291461e1e068fa36680a93864b41f#subdirectory=llama-index-integrations/llms/llama-index-llms-huggingface-api
    # via gia (pyproject.toml)
llama-index-llms-openai==0.5.4
    # via
    #   llama-index
    #   llama-index-cli
llama-index-readers-file==0.5.2
    # via llama-index
llama-index-readers-llama-parse==0.5.0
    # via llama-index
llama-index-vector-stores-chroma @ git+https://github.com/run-llama/llama_index.git@957d5e10cf5291461e1e068fa36680a93864b41f#subdirectory=llama-index-integrations/vector_stores/llama-index-vector-stores-chroma
    # via gia (pyproject.toml)
llama-index-workflows==1.3.0
    # via llama-index-core
llama-parse==0.6.54
    # via llama-index-readers-llama-parse
logbar==0.0.4
    # via gptqmodel
markdown-it-py==4.0.0
    # via rich
markupsafe==3.0.2
    # via
    #   gradio
    #   jinja2
marshmallow==3.26.1
    # via dataclasses-json
mdurl==0.1.2
    # via markdown-it-py
mmh3==5.2.0
    # via chromadb
mpmath==1.3.0
    # via sympy
multidict==6.6.4
    # via
    #   aiohttp
    #   yarl
mypy-extensions==1.1.0
    # via typing-inspect
nest-asyncio==1.6.0
    # via llama-index-core
networkx==3.5
    # via
    #   llama-index-core
    #   torch
nltk==3.9.1
    # via
    #   llama-index
    #   llama-index-core
numpy==2.3.2
    # via
    #   gia (pyproject.toml)
    #   accelerate
    #   chromadb
    #   gptqmodel
    #   gradio
    #   llama-index-core
    #   onnxruntime
    #   pandas
    #   soundfile
    #   transformers
nvidia-cublas-cu12==12.8.4.1
    # via
    #   nvidia-cudnn-cu12
    #   nvidia-cusolver-cu12
    #   torch
nvidia-cuda-cupti-cu12==12.8.90
    # via torch
nvidia-cuda-nvrtc-cu12==12.8.93
    # via torch
nvidia-cuda-runtime-cu12==12.8.90
    # via torch
nvidia-cudnn-cu12==9.10.2.21
    # via torch
nvidia-cufft-cu12==11.3.3.83
    # via torch
nvidia-cufile-cu12==1.13.1.3
    # via torch
nvidia-curand-cu12==10.3.9.90
    # via torch
nvidia-cusolver-cu12==11.7.3.90
    # via torch
nvidia-cusparse-cu12==12.5.8.93
    # via
    #   nvidia-cusolver-cu12
    #   torch
nvidia-cusparselt-cu12==0.7.1
    # via torch
nvidia-nccl-cu12==2.27.3
    # via torch
nvidia-nvjitlink-cu12==12.8.93
    # via
    #   nvidia-cufft-cu12
    #   nvidia-cusolver-cu12
    #   nvidia-cusparse-cu12
    #   torch
nvidia-nvtx-cu12==12.8.90
    # via torch
oauthlib==3.3.1
    # via
    #   kubernetes
    #   requests-oauthlib
onnxruntime==1.22.1
    # via chromadb
openai==1.100.0
    # via
    #   llama-index-embeddings-openai
    #   llama-index-llms-openai
opentelemetry-api==1.36.0
    # via
    #   chromadb
    #   opentelemetry-exporter-otlp-proto-grpc
    #   opentelemetry-sdk
    #   opentelemetry-semantic-conventions
opentelemetry-exporter-otlp-proto-common==1.36.0
    # via opentelemetry-exporter-otlp-proto-grpc
opentelemetry-exporter-otlp-proto-grpc==1.36.0
    # via chromadb
opentelemetry-proto==1.36.0
    # via
    #   opentelemetry-exporter-otlp-proto-common
    #   opentelemetry-exporter-otlp-proto-grpc
opentelemetry-sdk==1.36.0
    # via
    #   chromadb
    #   opentelemetry-exporter-otlp-proto-grpc
opentelemetry-semantic-conventions==0.57b0
    # via opentelemetry-sdk
orjson==3.11.2
    # via
    #   chromadb
    #   gradio
overrides==7.7.0
    # via chromadb
packaging==25.0
    # via
    #   accelerate
    #   build
    #   gptqmodel
    #   gradio
    #   gradio-client
    #   huggingface-hub
    #   marshmallow
    #   onnxruntime
    #   pytest
    #   transformers
pandas==2.2.3
    # via
    #   gradio
    #   llama-index-readers-file
pillow==11.3.0
    # via
    #   gptqmodel
    #   gradio
    #   llama-index-core
platformdirs==4.3.8
    # via
    #   banks
    #   llama-cloud-services
    #   llama-index-core
pluggy==1.6.0
    # via pytest
posthog==5.4.0
    # via chromadb
propcache==0.3.2
    # via
    #   aiohttp
    #   yarl
protobuf==6.32.0
    # via
    #   googleapis-common-protos
    #   gptqmodel
    #   onnxruntime
    #   opentelemetry-proto
psutil==7.0.0
    # via accelerate
pyasn1==0.6.1
    # via
    #   pyasn1-modules
    #   rsa
pyasn1-modules==0.4.2
    # via google-auth
pybase64==1.4.2
    # via chromadb
pycodestyle==2.14.0
    # via autopep8
pycparser==2.22
    # via cffi
pydantic==2.11.7
    # via
    #   banks
    #   chromadb
    #   fastapi
    #   gradio
    #   llama-cloud
    #   llama-cloud-services
    #   llama-index-core
    #   llama-index-instrumentation
    #   llama-index-workflows
    #   openai
pydantic-core==2.33.2
    # via pydantic
pydub==0.25.1
    # via gradio
pygments==2.19.2
    # via
    #   pytest
    #   rich
pypdf==6.0.0
    # via llama-index-readers-file
pypika==0.48.9
    # via chromadb
pyproject-hooks==1.2.0
    # via build
pytest==8.4.1
    # via random-word
python-dateutil==2.9.0.post0
    # via
    #   kubernetes
    #   pandas
    #   posthog
python-dotenv==1.1.1
    # via
    #   llama-cloud-services
    #   uvicorn
python-multipart==0.0.20
    # via gradio
pytz==2025.2
    # via pandas
pyyaml==6.0.2
    # via
    #   accelerate
    #   chromadb
    #   gradio
    #   huggingface-hub
    #   kubernetes
    #   llama-index-core
    #   random-word
    #   transformers
    #   uvicorn
random-word==1.0.13
    # via gptqmodel
referencing==0.36.2
    # via
    #   jsonschema
    #   jsonschema-specifications
regex==2025.7.34
    # via
    #   nltk
    #   tiktoken
    #   transformers
requests==2.32.4
    # via
    #   huggingface-hub
    #   kubernetes
    #   llama-index-core
    #   posthog
    #   random-word
    #   requests-oauthlib
    #   tiktoken
    #   transformers
requests-oauthlib==2.0.0
    # via kubernetes
rich==14.1.0
    # via
    #   chromadb
    #   typer
rpds-py==0.27.0
    # via
    #   jsonschema
    #   referencing
rsa==4.9.1
    # via google-auth
ruff==0.12.9
    # via gradio
safehttpx==0.1.6
    # via gradio
safetensors==0.6.2
    # via
    #   accelerate
    #   gptqmodel
    #   transformers
semantic-version==2.10.0
    # via gradio
setuptools==80.9.0
    # via
    #   llama-index-core
    #   triton
shellingham==1.5.4
    # via typer
six==1.17.0
    # via
    #   kubernetes
    #   posthog
    #   python-dateutil
sniffio==1.3.1
    # via
    #   anyio
    #   openai
soundfile==0.13.1
    # via gptqmodel
soupsieve==2.7
    # via beautifulsoup4
sqlalchemy==2.0.43
    # via llama-index-core
starlette==0.47.2
    # via
    #   fastapi
    #   gradio
striprtf==0.0.26
    # via llama-index-readers-file
sympy==1.14.0
    # via
    #   onnxruntime
    #   torch
tenacity==9.1.2
    # via
    #   chromadb
    #   llama-cloud-services
    #   llama-index-core
threadpoolctl==3.6.0
    # via gptqmodel
tiktoken==0.11.0
    # via llama-index-core
tokenicer==0.0.4
    # via gptqmodel
tokenizers==0.21.4
    # via
    #   chromadb
    #   transformers
tomlkit==0.13.3
    # via gradio
torch==2.8.0
    # via
    #   gia (pyproject.toml)
    #   accelerate
    #   gptqmodel
tqdm==4.67.1
    # via
    #   chromadb
    #   huggingface-hub
    #   llama-index-core
    #   nltk
    #   openai
    #   transformers
transformers==4.51.2
    # via
    #   gia (pyproject.toml)
    #   gptqmodel
    #   tokenicer
triton==3.4.0
    # via torch
typer==0.16.1
    # via
    #   chromadb
    #   gradio
typing-extensions==4.14.1
    # via
    #   aiosignal
    #   aiosqlite
    #   anyio
    #   beautifulsoup4
    #   chromadb
    #   fastapi
    #   gradio
    #   gradio-client
    #   huggingface-hub
    #   llama-index-core
    #   llama-index-workflows
    #   openai
    #   opentelemetry-api
    #   opentelemetry-exporter-otlp-proto-grpc
    #   opentelemetry-sdk
    #   opentelemetry-semantic-conventions
    #   pydantic
    #   pydantic-core
    #   referencing
    #   sqlalchemy
    #   starlette
    #   torch
    #   typer
    #   typing-inspect
    #   typing-inspection
typing-inspect==0.9.0
    # via
    #   dataclasses-json
    #   llama-index-core
typing-inspection==0.4.1
    # via pydantic
tzdata==2025.2
    # via pandas
urllib3==2.5.0
    # via
    #   kubernetes
    #   requests
uvicorn==0.35.0
    # via
    #   chromadb
    #   gradio
uvloop==0.21.0
    # via uvicorn
watchfiles==1.1.0
    # via uvicorn
websocket-client==1.8.0
    # via kubernetes
websockets==15.0.1
    # via
    #   gradio-client
    #   uvicorn
wrapt==1.17.3
    # via
    #   deprecated
    #   llama-index-core
yarl==1.20.1
    # via aiohttp
zipp==3.23.0
    # via importlib-metadata
